
Microsoft Visual Studio Solution File, Format Version 12.00
# Visual Studio Version 16
VisualStudioVersion = 16.0.30804.86
MinimumVisualStudioVersion = 10.0.40219.1
Project("{9A19103F-16F7-4668-BE54-9A1E7A4F7556}") = "framework", "framework\framework.csproj", "{940E63F9-764C-4D6E-BAAC-38EDF0C9D2E6}"
EndProject
Project("{9A19103F-16F7-4668-BE54-9A1E7A4F7556}") = "framework.Utility", "framework.Utility\framework.Utility.csproj", "{43F13A50-978E-42B6-B18A-359B729DF902}"
EndProject
Global
	GlobalSection(SolutionConfigurationPlatforms) = preSolution
		Debug|Any CPU = Debug|Any CPU
		Release|Any CPU = Release|Any CPU
	EndGlobalSection
	GlobalSection(ProjectConfigurationPlatforms) = postSolution
		{940E63F9-764C-4D6E-BAAC-38EDF0C9D2E6}.Debug|Any CPU.ActiveCfg = Debug|Any CPU
		{940E63F9-764C-4D6E-BAAC-38EDF0C9D2E6}.Debug|Any CPU.Build.0 = Debug|Any CPU
		{940E63F9-764C-4D6E-BAAC-38EDF0C9D2E6}.Release|Any CPU.ActiveCfg = Release|Any CPU
		{940E63F9-764C-4D6E-BAAC-38EDF0C9D2E6}.Release|Any CPU.Build.0 = Release|Any CPU
		{43F13A50-978E-42B6-B18A-359B729DF902}.Debug|Any CPU.ActiveCfg = Debug|Any CPU
		{43F13A50-978E-42B6-B18A-359B729DF902}.Debug|Any CPU.Build.0 = Debug|Any CPU
		{43F13A50-978E-42B6-B18A-359B729DF902}.Release|Any CPU.ActiveCfg = Release|Any CPU
		{43F13A50-978E-42B6-B18A-359B729DF902}.Release|Any CPU.Build.0 = Release|Any CPU
	EndGlobalSection
	GlobalSection(SolutionProperties) = preSolution
		HideSolutionNode = FALSE
	EndGlobalSection
	GlobalSection(ExtensibilityGlobals) = postSolution
		SolutionGuid = {AF37A7F6-51E4-43C8-B0B1-25499B3A1FB5}
	EndGlobalSection
EndGlobal
